// !$*UTF8*$!
{
	archiveVersion = 1;
	classes = {
	};
	objectVersion = 46;
	objects = {

/* Begin PBXBuildFile section */
		6DA2F1F01DE418F500908976 /* AppDelegate.swift in Sources */ = {isa = PBXBuildFile; fileRef = 6DA2F1EF1DE418F500908976 /* AppDelegate.swift */; };
		6DA2F1F21DE418F500908976 /* ViewController.swift in Sources */ = {isa = PBXBuildFile; fileRef = 6DA2F1F11DE418F500908976 /* ViewController.swift */; };
		6DA2F1F51DE418F500908976 /* Main.storyboard in Resources */ = {isa = PBXBuildFile; fileRef = 6DA2F1F31DE418F500908976 /* Main.storyboard */; };
		6DA2F1F71DE418F600908976 /* Assets.xcassets in Resources */ = {isa = PBXBuildFile; fileRef = 6DA2F1F61DE418F600908976 /* Assets.xcassets */; };
		6DA2F1FA1DE418F600908976 /* LaunchScreen.storyboard in Resources */ = {isa = PBXBuildFile; fileRef = 6DA2F1F81DE418F600908976 /* LaunchScreen.storyboard */; };
/* End PBXBuildFile section */

/* Begin PBXFileReference section */
		6DA2F1EC1DE418F300908976 /* TapTaps.app */ = {isa = PBXFileReference; explicitFileType = wrapper.application; includeInIndex = 0; path = TapTaps.app; sourceTree = BUILT_PRODUCTS_DIR; };
		6DA2F1EF1DE418F500908976 /* AppDelegate.swift */ = {isa = PBXFileReference; lastKnownFileType = sourcecode.swift; path = AppDelegate.swift; sourceTree = "<group>"; };
		6DA2F1F11DE418F500908976 /* ViewController.swift */ = {isa = PBXFileReference; lastKnownFileType = sourcecode.swift; path = ViewController.swift; sourceTree = "<group>"; };
		6DA2F1F41DE418F500908976 /* Base */ = {isa = PBXFileReference; lastKnownFileType = file.storyboard; name = Base; path = Base.lproj/Main.storyboard; sourceTree = "<group>"; };
		6DA2F1F61DE418F600908976 /* Assets.xcassets */ = {isa = PBXFileReference; lastKnownFileType = folder.assetcatalog; path = Assets.xcassets; sourceTree = "<group>"; };
		6DA2F1F91DE418F600908976 /* Base */ = {isa = PBXFileReference; lastKnownFileType = file.storyboard; name = Base; path = Base.lproj/LaunchScreen.storyboard; sourceTree = "<group>"; };
		6DA2F1FB1DE418F600908976 /* Info.plist */ = {isa = PBXFileReference; lastKnownFileType = text.plist.xml; path = Info.plist; sourceTree = "<group>"; };
/* End PBXFileReference section */

/* Begin PBXFrameworksBuildPhase section */
		6DA2F1E91DE418F300908976 /* Frameworks */ = {
			isa = PBXFrameworksBuildPhase;
			buildActionMask = 2147483647;
			files = (
			);
			runOnlyForDeploymentPostprocessing = 0;
		};
/* End PBXFrameworksBuildPhase section */

/* Begin PBXGroup section */
		6DA2F1E31DE418F200908976 = {
			isa = PBXGroup;
			children = (
				6DA2F1EE1DE418F400908976 /* TapTaps */,
				6DA2F1ED1DE418F300908976 /* Products */,
			);
			sourceTree = "<group>";
		};
		6DA2F1ED1DE418F300908976 /* Products */ = {
			isa = PBXGroup;
			children = (
				6DA2F1EC1DE418F300908976 /* TapTaps.app */,
			);
			name = Products;
			sourceTree = "<group>";
		};
		6DA2F1EE1DE418F400908976 /* TapTaps */ = {
			isa = PBXGroup;
			children = (
				6DA2F1EF1DE418F500908976 /* AppDelegate.swift */,
				6DA2F1F11DE418F500908976 /* ViewController.swift */,
				6DA2F1F31DE418F500908976 /* Main.storyboard */,
				6DA2F1F61DE418F600908976 /* Assets.xcassets */,
				6DA2F1F81DE418F600908976 /* LaunchScreen.storyboard */,
				6DA2F1FB1DE418F600908976 /* Info.plist */,
			);
			path = TapTaps;
			sourceTree = "<group>";
		};
/* End PBXGroup section */

/* Begin PBXNativeTarget section */
		6DA2F1EB1DE418F300908976 /* TapTaps */ = {
			isa = PBXNativeTarget;
			buildConfigurationList = 6DA2F1FE1DE418F600908976 /* Build configuration list for PBXNativeTarget "TapTaps" */;
			buildPhases = (
				6DA2F1E81DE418F300908976 /* Sources */,
				6DA2F1E91DE418F300908976 /* Frameworks */,
				6DA2F1EA1DE418F300908976 /* Resources */,
			);
			buildRules = (
			);
			dependencies = (
			);
			name = TapTaps;
			productName = TapTaps;
			productReference = 6DA2F1EC1DE418F300908976 /* TapTaps.app */;
			productType = "com.apple.product-type.application";
		};
/* End PBXNativeTarget section */

/* Begin PBXProject section */
		6DA2F1E41DE418F300908976 /* Project object */ = {
			isa = PBXProject;
			attributes = {
				LastSwiftUpdateCheck = 0720;
				LastUpgradeCheck = 0720;
				ORGANIZATIONNAME = NaPaFeng;
				TargetAttributes = {
					6DA2F1EB1DE418F300908976 = {
						CreatedOnToolsVersion = 7.2.1;
						DevelopmentTeam = PH6S6F6G8N;
					};
				};
			};
			buildConfigurationList = 6DA2F1E71DE418F300908976 /* Build configuration list for PBXProject "TapTaps" */;
			compatibilityVersion = "Xcode 3.2";
			developmentRegion = English;
			hasScannedForEncodings = 0;
			knownRegions = (
				en,
				Base,
			);
			mainGroup = 6DA2F1E31DE418F200908976;
			productRefGroup = 6DA2F1ED1DE418F300908976 /* Products */;
			projectDirPath = "";
			projectRoot = "";
			targets = (
				6DA2F1EB1DE418F300908976 /* TapTaps */,
			);
		};
/* End PBXProject section */

/* Begin PBXResourcesBuildPhase section */
		6DA2F1EA1DE418F300908976 /* Resources */ = {
			isa = PBXResourcesBuildPhase;
			buildActionMask = 2147483647;
			files = (
				6DA2F1FA1DE418F600908976 /* LaunchScreen.storyboard in Resources */,
				6DA2F1F71DE418F600908976 /* Assets.xcassets in Resources */,
				6DA2F1F51DE418F500908976 /* Main.storyboard in Resources */,
			);
			runOnlyForDeploymentPostprocessing = 0;
		};
/* End PBXResourcesBuildPhase section */

/* Begin PBXSourcesBuildPhase section */
		6DA2F1E81DE418F300908976 /* Sources */ = {
			isa = PBXSourcesBuildPhase;
			buildActionMask = 2147483647;
			files = (
				6DA2F1F21DE418F500908976 /* ViewController.swift in Sources */,
				6DA2F1F01DE418F500908976 /* AppDelegate.swift in Sources */,
			);
			runOnlyForDeploymentPostprocessing = 0;
		};
/* End PBXSourcesBuildPhase section */

/* Begin PBXVariantGroup section */
		6DA2F1F31DE418F500908976 /* Main.storyboard */ = {
			isa = PBXVariantGroup;
			children = (
				6DA2F1F41DE418F500908976 /* Base */,
			);
			name = Main.storyboard;
			sourceTree = "<group>";
		};
		6DA2F1F81DE418F600908976 /* LaunchScreen.storyboard */ = {
			isa = PBXVariantGroup;
			children = (
				6DA2F1F91DE418F600908976 /* Base */,
			);
			name = LaunchScreen.storyboard;
			sourceTree = "<group>";
		};
/* End PBXVariantGroup section */

/* Begin XCBuildConfiguration section */
		6DA2F1FC1DE418F600908976 /* Debug */ = {
			isa = XCBuildConfiguration;
			buildSettings = {
				ALWAYS_SEARCH_USER_PATHS = NO;
				CLANG_CXX_LANGUAGE_STANDARD = "gnu++0x";
				CLANG_CXX_LIBRARY = "libc++";
				CLANG_ENABLE_MODULES = YES;
				CLANG_ENABLE_OBJC_ARC = YES;
				CLANG_WARN_BOOL_CONVERSION = YES;
				CLANG_WARN_CONSTANT_CONVERSION = YES;
				CLANG_WARN_DIRECT_OBJC_ISA_USAGE = YES_ERROR;
				CLANG_WARN_EMPTY_BODY = YES;
				CLANG_WARN_ENUM_CONVERSION = YES;
				CLANG_WARN_INT_CONVERSION = YES;
				CLANG_WARN_OBJC_ROOT_CLASS = YES_ERROR;
				CLANG_WARN_UNREACHABLE_CODE = YES;
				CLANG_WARN__DUPLICATE_METHOD_MATCH = YES;
				"CODE_SIGN_IDENTITY[sdk=iphoneos*]" = "iPhone Developer";
				COPY_PHASE_STRIP = NO;
				DEBUG_INFORMATION_FORMAT = dwarf;
				ENABLE_STRICT_OBJC_MSGSEND = YES;
				ENABLE_TESTABILITY = YES;
				GCC_C_LANGUAGE_STANDARD = gnu99;
				GCC_DYNAMIC_NO_PIC = NO;
				GCC_NO_COMMON_BLOCKS = YES;
				GCC_OPTIMIZATION_LEVEL = 0;
				GCC_PREPROCESSOR_DEFINITIONS = (
					"DEBUG=1",
					"$(inherited)",
				);
				GCC_WARN_64_TO_32_BIT_CONVERSION = YES;
				GCC_WARN_ABOUT_RETURN_TYPE = YES_ERROR;
				GCC_WARN_UNDECLARED_SELECTOR = YES;
				GCC_WARN_UNINITIALIZED_AUTOS = YES_AGGRESSIVE;
				GCC_WARN_UNUSED_FUNCTION = YES;
				GCC_WARN_UNUSED_VARIABLE = YES;
				IPHONEOS_DEPLOYMENT_TARGET = 9.2;
				MTL_ENABLE_DEBUG_INFO = YES;
				ONLY_ACTIVE_ARCH = YES;
				SDKROOT = iphoneos;
				SWIFT_OPTIMIZATION_LEVEL = "-Onone";
				TARGETED_DEVICE_FAMILY = "1,2";
			};
			name = Debug;
		};
		6DA2F1FD1DE418F600908976 /* Release */ = {
			isa = XCBuildConfiguration;
			buildSettings = {
				ALWAYS_SEARCH_USER_PATHS = NO;
				CLANG_CXX_LANGUAGE_STANDARD = "gnu++0x";
				CLANG_CXX_LIBRARY = "libc++";
				CLANG_ENABLE_MODULES = YES;
				CLANG_ENABLE_OBJC_ARC = YES;
				CLANG_WARN_BOOL_CONVERSION = YES;
				CLANG_WARN_CONSTANT_CONVERSION = YES;
				CLANG_WARN_DIRECT_OBJC_ISA_USAGE = YES_ERROR;
				CLANG_WARN_EMPTY_BODY = YES;
				CLANG_WARN_ENUM_CONVERSION = YES;
				CLANG_WARN_INT_CONVERSION = YES;
				CLANG_WARN_OBJC_ROOT_CLASS = YES_ERROR;
				CLANG_WARN_UNREACHABLE_CODE = YES;
				CLANG_WARN__DUPLICATE_METHOD_MATCH = YES;
				"CODE_SIGN_IDENTITY[sdk=iphoneos*]" = "iPhone Developer";
				COPY_PHASE_STRIP = NO;
				DEBUG_INFORMATION_FORMAT = "dwarf-with-dsym";
				ENABLE_NS_ASSERTIONS = NO;
				ENABLE_STRICT_OBJC_MSGSEND = YES;
				GCC_C_LANGUAGE_STANDARD = gnu99;
				GCC_NO_COMMON_BLOCKS = YES;
				GCC_WARN_64_TO_32_BIT_CONVERSION = YES;
				GCC_WARN_ABOUT_RETURN_TYPE = YES_ERROR;
				GCC_WARN_UNDECLARED_SELECTOR = YES;
				GCC_WARN_UNINITIALIZED_AUTOS = YES_AGGRESSIVE;
				GCC_WARN_UNUSED_FUNCTION = YES;
				GCC_WARN_UNUSED_VARIABLE = YES;
				IPHONEOS_DEPLOYMENT_TARGET = 9.2;
				MTL_ENABLE_DEBUG_INFO = NO;
				SDKROOT = iphoneos;
				TARGETED_DEVICE_FAMILY = "1,2";
				VALIDATE_PRODUCT = YES;
			};
			name = Release;
		};
		6DA2F1FF1DE418F600908976 /* Debug */ = {
			isa = XCBuildConfiguration;
			buildSettings = {
				ASSETCATALOG_COMPILER_APPICON_NAME = AppIcon;
				INFOPLIST_FILE = TapTaps/Info.plist;
				LD_RUNPATH_SEARCH_PATHS = "$(inherited) @executable_path/Frameworks";
				PRODUCT_BUNDLE_IDENTIFIER = NPF.TapTaps;
				PRODUCT_NAME = "$(TARGET_NAME)";
			};
			name = Debug;
		};
		6DA2F2001DE418F600908976 /* Release */ = {
			isa = XCBuildConfiguration;
			buildSettings = {
				ASSETCATALOG_COMPILER_APPICON_NAME = AppIcon;
				INFOPLIST_FILE = TapTaps/Info.plist;
				LD_RUNPATH_SEARCH_PATHS = "$(inherited) @executable_path/Frameworks";
				PRODUCT_BUNDLE_IDENTIFIER = NPF.TapTaps;
				PRODUCT_NAME = "$(TARGET_NAME)";
			};
			name = Release;
		};
/* End XCBuildConfiguration section */

/* Begin XCConfigurationList section */
		6DA2F1E71DE418F300908976 /* Build configuration list for PBXProject "TapTaps" */ = {
			isa = XCConfigurationList;
			buildConfigurations = (
				6DA2F1FC1DE418F600908976 /* Debug */,
				6DA2F1FD1DE418F600908976 /* Release */,
			);
			defaultConfigurationIsVisible = 0;
			defaultConfigurationName = Release;
		};
		6DA2F1FE1DE418F600908976 /* Build configuration list for PBXNativeTarget "TapTaps" */ = {
			isa = XCConfigurationList;
			buildConfigurations = (
				6DA2F1FF1DE418F600908976 /* Debug */,
				6DA2F2001DE418F600908976 /* Release */,
			);
			defaultConfigurationIsVisible = 0;
		};
/* End XCConfigurationList section */
	};
	rootObject = 6DA2F1E41DE418F300908976 /* Project object */;
}
