// !$*UTF8*$!
{
	archiveVersion = 1;
	classes = {
	};
	objectVersion = 46;
	objects = {

/* Begin PBXBuildFile section */
		6D4685D61DE6B033000731E8 /* BallView.swift in Sources */ = {isa = PBXBuildFile; fileRef = 6D4685D51DE6B033000731E8 /* BallView.swift */; };
		6D62BB9A1DE5DAF500DB91C8 /* AppDelegate.swift in Sources */ = {isa = PBXBuildFile; fileRef = 6D62BB991DE5DAF500DB91C8 /* AppDelegate.swift */; };
		6D62BB9C1DE5DAF500DB91C8 /* ViewController.swift in Sources */ = {isa = PBXBuildFile; fileRef = 6D62BB9B1DE5DAF500DB91C8 /* ViewController.swift */; };
		6D62BB9F1DE5DAF500DB91C8 /* Main.storyboard in Resources */ = {isa = PBXBuildFile; fileRef = 6D62BB9D1DE5DAF500DB91C8 /* Main.storyboard */; };
		6D62BBA11DE5DAF500DB91C8 /* Assets.xcassets in Resources */ = {isa = PBXBuildFile; fileRef = 6D62BBA01DE5DAF500DB91C8 /* Assets.xcassets */; };
		6D62BBA41DE5DAF500DB91C8 /* LaunchScreen.storyboard in Resources */ = {isa = PBXBuildFile; fileRef = 6D62BBA21DE5DAF500DB91C8 /* LaunchScreen.storyboard */; };
/* End PBXBuildFile section */

/* Begin PBXFileReference section */
		6D4685D51DE6B033000731E8 /* BallView.swift */ = {isa = PBXFileReference; fileEncoding = 4; lastKnownFileType = sourcecode.swift; path = BallView.swift; sourceTree = "<group>"; };
		6D62BB961DE5DAF500DB91C8 /* Ball.app */ = {isa = PBXFileReference; explicitFileType = wrapper.application; includeInIndex = 0; path = Ball.app; sourceTree = BUILT_PRODUCTS_DIR; };
		6D62BB991DE5DAF500DB91C8 /* AppDelegate.swift */ = {isa = PBXFileReference; lastKnownFileType = sourcecode.swift; path = AppDelegate.swift; sourceTree = "<group>"; };
		6D62BB9B1DE5DAF500DB91C8 /* ViewController.swift */ = {isa = PBXFileReference; lastKnownFileType = sourcecode.swift; path = ViewController.swift; sourceTree = "<group>"; };
		6D62BB9E1DE5DAF500DB91C8 /* Base */ = {isa = PBXFileReference; lastKnownFileType = file.storyboard; name = Base; path = Base.lproj/Main.storyboard; sourceTree = "<group>"; };
		6D62BBA01DE5DAF500DB91C8 /* Assets.xcassets */ = {isa = PBXFileReference; lastKnownFileType = folder.assetcatalog; path = Assets.xcassets; sourceTree = "<group>"; };
		6D62BBA31DE5DAF500DB91C8 /* Base */ = {isa = PBXFileReference; lastKnownFileType = file.storyboard; name = Base; path = Base.lproj/LaunchScreen.storyboard; sourceTree = "<group>"; };
		6D62BBA51DE5DAF500DB91C8 /* Info.plist */ = {isa = PBXFileReference; lastKnownFileType = text.plist.xml; path = Info.plist; sourceTree = "<group>"; };
/* End PBXFileReference section */

/* Begin PBXFrameworksBuildPhase section */
		6D62BB931DE5DAF500DB91C8 /* Frameworks */ = {
			isa = PBXFrameworksBuildPhase;
			buildActionMask = 2147483647;
			files = (
			);
			runOnlyForDeploymentPostprocessing = 0;
		};
/* End PBXFrameworksBuildPhase section */

/* Begin PBXGroup section */
		6D62BB8D1DE5DAF500DB91C8 = {
			isa = PBXGroup;
			children = (
				6D62BB981DE5DAF500DB91C8 /* Ball */,
				6D62BB971DE5DAF500DB91C8 /* Products */,
			);
			sourceTree = "<group>";
		};
		6D62BB971DE5DAF500DB91C8 /* Products */ = {
			isa = PBXGroup;
			children = (
				6D62BB961DE5DAF500DB91C8 /* Ball.app */,
			);
			name = Products;
			sourceTree = "<group>";
		};
		6D62BB981DE5DAF500DB91C8 /* Ball */ = {
			isa = PBXGroup;
			children = (
				6D62BB991DE5DAF500DB91C8 /* AppDelegate.swift */,
				6D62BB9B1DE5DAF500DB91C8 /* ViewController.swift */,
				6D4685D51DE6B033000731E8 /* BallView.swift */,
				6D62BB9D1DE5DAF500DB91C8 /* Main.storyboard */,
				6D62BBA01DE5DAF500DB91C8 /* Assets.xcassets */,
				6D62BBA21DE5DAF500DB91C8 /* LaunchScreen.storyboard */,
				6D62BBA51DE5DAF500DB91C8 /* Info.plist */,
			);
			path = Ball;
			sourceTree = "<group>";
		};
/* End PBXGroup section */

/* Begin PBXNativeTarget section */
		6D62BB951DE5DAF500DB91C8 /* Ball */ = {
			isa = PBXNativeTarget;
			buildConfigurationList = 6D62BBA81DE5DAF500DB91C8 /* Build configuration list for PBXNativeTarget "Ball" */;
			buildPhases = (
				6D62BB921DE5DAF500DB91C8 /* Sources */,
				6D62BB931DE5DAF500DB91C8 /* Frameworks */,
				6D62BB941DE5DAF500DB91C8 /* Resources */,
			);
			buildRules = (
			);
			dependencies = (
			);
			name = Ball;
			productName = Ball;
			productReference = 6D62BB961DE5DAF500DB91C8 /* Ball.app */;
			productType = "com.apple.product-type.application";
		};
/* End PBXNativeTarget section */

/* Begin PBXProject section */
		6D62BB8E1DE5DAF500DB91C8 /* Project object */ = {
			isa = PBXProject;
			attributes = {
				LastSwiftUpdateCheck = 0720;
				LastUpgradeCheck = 0720;
				ORGANIZATIONNAME = NaPaFeng;
				TargetAttributes = {
					6D62BB951DE5DAF500DB91C8 = {
						CreatedOnToolsVersion = 7.2.1;
						DevelopmentTeam = PH6S6F6G8N;
					};
				};
			};
			buildConfigurationList = 6D62BB911DE5DAF500DB91C8 /* Build configuration list for PBXProject "Ball" */;
			compatibilityVersion = "Xcode 3.2";
			developmentRegion = English;
			hasScannedForEncodings = 0;
			knownRegions = (
				en,
				Base,
			);
			mainGroup = 6D62BB8D1DE5DAF500DB91C8;
			productRefGroup = 6D62BB971DE5DAF500DB91C8 /* Products */;
			projectDirPath = "";
			projectRoot = "";
			targets = (
				6D62BB951DE5DAF500DB91C8 /* Ball */,
			);
		};
/* End PBXProject section */

/* Begin PBXResourcesBuildPhase section */
		6D62BB941DE5DAF500DB91C8 /* Resources */ = {
			isa = PBXResourcesBuildPhase;
			buildActionMask = 2147483647;
			files = (
				6D62BBA41DE5DAF500DB91C8 /* LaunchScreen.storyboard in Resources */,
				6D62BBA11DE5DAF500DB91C8 /* Assets.xcassets in Resources */,
				6D62BB9F1DE5DAF500DB91C8 /* Main.storyboard in Resources */,
			);
			runOnlyForDeploymentPostprocessing = 0;
		};
/* End PBXResourcesBuildPhase section */

/* Begin PBXSourcesBuildPhase section */
		6D62BB921DE5DAF500DB91C8 /* Sources */ = {
			isa = PBXSourcesBuildPhase;
			buildActionMask = 2147483647;
			files = (
				6D4685D61DE6B033000731E8 /* BallView.swift in Sources */,
				6D62BB9C1DE5DAF500DB91C8 /* ViewController.swift in Sources */,
				6D62BB9A1DE5DAF500DB91C8 /* AppDelegate.swift in Sources */,
			);
			runOnlyForDeploymentPostprocessing = 0;
		};
/* End PBXSourcesBuildPhase section */

/* Begin PBXVariantGroup section */
		6D62BB9D1DE5DAF500DB91C8 /* Main.storyboard */ = {
			isa = PBXVariantGroup;
			children = (
				6D62BB9E1DE5DAF500DB91C8 /* Base */,
			);
			name = Main.storyboard;
			sourceTree = "<group>";
		};
		6D62BBA21DE5DAF500DB91C8 /* LaunchScreen.storyboard */ = {
			isa = PBXVariantGroup;
			children = (
				6D62BBA31DE5DAF500DB91C8 /* Base */,
			);
			name = LaunchScreen.storyboard;
			sourceTree = "<group>";
		};
/* End PBXVariantGroup section */

/* Begin XCBuildConfiguration section */
		6D62BBA61DE5DAF500DB91C8 /* Debug */ = {
			isa = XCBuildConfiguration;
			buildSettings = {
				ALWAYS_SEARCH_USER_PATHS = NO;
				CLANG_CXX_LANGUAGE_STANDARD = "gnu++0x";
				CLANG_CXX_LIBRARY = "libc++";
				CLANG_ENABLE_MODULES = YES;
				CLANG_ENABLE_OBJC_ARC = YES;
				CLANG_WARN_BOOL_CONVERSION = YES;
				CLANG_WARN_CONSTANT_CONVERSION = YES;
				CLANG_WARN_DIRECT_OBJC_ISA_USAGE = YES_ERROR;
				CLANG_WARN_EMPTY_BODY = YES;
				CLANG_WARN_ENUM_CONVERSION = YES;
				CLANG_WARN_INT_CONVERSION = YES;
				CLANG_WARN_OBJC_ROOT_CLASS = YES_ERROR;
				CLANG_WARN_UNREACHABLE_CODE = YES;
				CLANG_WARN__DUPLICATE_METHOD_MATCH = YES;
				"CODE_SIGN_IDENTITY[sdk=iphoneos*]" = "iPhone Developer";
				COPY_PHASE_STRIP = NO;
				DEBUG_INFORMATION_FORMAT = dwarf;
				ENABLE_STRICT_OBJC_MSGSEND = YES;
				ENABLE_TESTABILITY = YES;
				GCC_C_LANGUAGE_STANDARD = gnu99;
				GCC_DYNAMIC_NO_PIC = NO;
				GCC_NO_COMMON_BLOCKS = YES;
				GCC_OPTIMIZATION_LEVEL = 0;
				GCC_PREPROCESSOR_DEFINITIONS = (
					"DEBUG=1",
					"$(inherited)",
				);
				GCC_WARN_64_TO_32_BIT_CONVERSION = YES;
				GCC_WARN_ABOUT_RETURN_TYPE = YES_ERROR;
				GCC_WARN_UNDECLARED_SELECTOR = YES;
				GCC_WARN_UNINITIALIZED_AUTOS = YES_AGGRESSIVE;
				GCC_WARN_UNUSED_FUNCTION = YES;
				GCC_WARN_UNUSED_VARIABLE = YES;
				IPHONEOS_DEPLOYMENT_TARGET = 9.2;
				MTL_ENABLE_DEBUG_INFO = YES;
				ONLY_ACTIVE_ARCH = YES;
				SDKROOT = iphoneos;
				SWIFT_OPTIMIZATION_LEVEL = "-Onone";
			};
			name = Debug;
		};
		6D62BBA71DE5DAF500DB91C8 /* Release */ = {
			isa = XCBuildConfiguration;
			buildSettings = {
				ALWAYS_SEARCH_USER_PATHS = NO;
				CLANG_CXX_LANGUAGE_STANDARD = "gnu++0x";
				CLANG_CXX_LIBRARY = "libc++";
				CLANG_ENABLE_MODULES = YES;
				CLANG_ENABLE_OBJC_ARC = YES;
				CLANG_WARN_BOOL_CONVERSION = YES;
				CLANG_WARN_CONSTANT_CONVERSION = YES;
				CLANG_WARN_DIRECT_OBJC_ISA_USAGE = YES_ERROR;
				CLANG_WARN_EMPTY_BODY = YES;
				CLANG_WARN_ENUM_CONVERSION = YES;
				CLANG_WARN_INT_CONVERSION = YES;
				CLANG_WARN_OBJC_ROOT_CLASS = YES_ERROR;
				CLANG_WARN_UNREACHABLE_CODE = YES;
				CLANG_WARN__DUPLICATE_METHOD_MATCH = YES;
				"CODE_SIGN_IDENTITY[sdk=iphoneos*]" = "iPhone Developer";
				COPY_PHASE_STRIP = NO;
				DEBUG_INFORMATION_FORMAT = "dwarf-with-dsym";
				ENABLE_NS_ASSERTIONS = NO;
				ENABLE_STRICT_OBJC_MSGSEND = YES;
				GCC_C_LANGUAGE_STANDARD = gnu99;
				GCC_NO_COMMON_BLOCKS = YES;
				GCC_WARN_64_TO_32_BIT_CONVERSION = YES;
				GCC_WARN_ABOUT_RETURN_TYPE = YES_ERROR;
				GCC_WARN_UNDECLARED_SELECTOR = YES;
				GCC_WARN_UNINITIALIZED_AUTOS = YES_AGGRESSIVE;
				GCC_WARN_UNUSED_FUNCTION = YES;
				GCC_WARN_UNUSED_VARIABLE = YES;
				IPHONEOS_DEPLOYMENT_TARGET = 9.2;
				MTL_ENABLE_DEBUG_INFO = NO;
				SDKROOT = iphoneos;
				VALIDATE_PRODUCT = YES;
			};
			name = Release;
		};
		6D62BBA91DE5DAF500DB91C8 /* Debug */ = {
			isa = XCBuildConfiguration;
			buildSettings = {
				ASSETCATALOG_COMPILER_APPICON_NAME = AppIcon;
				INFOPLIST_FILE = Ball/Info.plist;
				LD_RUNPATH_SEARCH_PATHS = "$(inherited) @executable_path/Frameworks";
				PRODUCT_BUNDLE_IDENTIFIER = NPF.Ball;
				PRODUCT_NAME = "$(TARGET_NAME)";
			};
			name = Debug;
		};
		6D62BBAA1DE5DAF500DB91C8 /* Release */ = {
			isa = XCBuildConfiguration;
			buildSettings = {
				ASSETCATALOG_COMPILER_APPICON_NAME = AppIcon;
				INFOPLIST_FILE = Ball/Info.plist;
				LD_RUNPATH_SEARCH_PATHS = "$(inherited) @executable_path/Frameworks";
				PRODUCT_BUNDLE_IDENTIFIER = NPF.Ball;
				PRODUCT_NAME = "$(TARGET_NAME)";
			};
			name = Release;
		};
/* End XCBuildConfiguration section */

/* Begin XCConfigurationList section */
		6D62BB911DE5DAF500DB91C8 /* Build configuration list for PBXProject "Ball" */ = {
			isa = XCConfigurationList;
			buildConfigurations = (
				6D62BBA61DE5DAF500DB91C8 /* Debug */,
				6D62BBA71DE5DAF500DB91C8 /* Release */,
			);
			defaultConfigurationIsVisible = 0;
			defaultConfigurationName = Release;
		};
		6D62BBA81DE5DAF500DB91C8 /* Build configuration list for PBXNativeTarget "Ball" */ = {
			isa = XCConfigurationList;
			buildConfigurations = (
				6D62BBA91DE5DAF500DB91C8 /* Debug */,
				6D62BBAA1DE5DAF500DB91C8 /* Release */,
			);
			defaultConfigurationIsVisible = 0;
			defaultConfigurationName = Release;
		};
/* End XCConfigurationList section */
	};
	rootObject = 6D62BB8E1DE5DAF500DB91C8 /* Project object */;
}
