// !$*UTF8*$!
{
	archiveVersion = 1;
	classes = {
	};
	objectVersion = 46;
	objects = {

/* Begin PBXBuildFile section */
		6DA2F20E1DE4193B00908976 /* AppDelegate.swift in Sources */ = {isa = PBXBuildFile; fileRef = 6DA2F20D1DE4193B00908976 /* AppDelegate.swift */; };
		6DA2F2101DE4193B00908976 /* ViewController.swift in Sources */ = {isa = PBXBuildFile; fileRef = 6DA2F20F1DE4193B00908976 /* ViewController.swift */; };
		6DA2F2131DE4193B00908976 /* Main.storyboard in Resources */ = {isa = PBXBuildFile; fileRef = 6DA2F2111DE4193B00908976 /* Main.storyboard */; };
		6DA2F2151DE4193B00908976 /* Assets.xcassets in Resources */ = {isa = PBXBuildFile; fileRef = 6DA2F2141DE4193B00908976 /* Assets.xcassets */; };
		6DA2F2181DE4193B00908976 /* LaunchScreen.storyboard in Resources */ = {isa = PBXBuildFile; fileRef = 6DA2F2161DE4193B00908976 /* LaunchScreen.storyboard */; };
		6DA2F2261DE4677B00908976 /* AppDelegate.swift in Sources */ = {isa = PBXBuildFile; fileRef = 6DA2F2251DE4677B00908976 /* AppDelegate.swift */; };
		6DA2F2281DE4677B00908976 /* ViewController.swift in Sources */ = {isa = PBXBuildFile; fileRef = 6DA2F2271DE4677B00908976 /* ViewController.swift */; };
		6DA2F22B1DE4677B00908976 /* Main.storyboard in Resources */ = {isa = PBXBuildFile; fileRef = 6DA2F2291DE4677B00908976 /* Main.storyboard */; };
		6DA2F22D1DE4677B00908976 /* Assets.xcassets in Resources */ = {isa = PBXBuildFile; fileRef = 6DA2F22C1DE4677B00908976 /* Assets.xcassets */; };
		6DA2F2301DE4677B00908976 /* LaunchScreen.storyboard in Resources */ = {isa = PBXBuildFile; fileRef = 6DA2F22E1DE4677B00908976 /* LaunchScreen.storyboard */; };
/* End PBXBuildFile section */

/* Begin PBXFileReference section */
		6DA2F20A1DE4193B00908976 /* PinchMe.app */ = {isa = PBXFileReference; explicitFileType = wrapper.application; includeInIndex = 0; path = PinchMe.app; sourceTree = BUILT_PRODUCTS_DIR; };
		6DA2F20D1DE4193B00908976 /* AppDelegate.swift */ = {isa = PBXFileReference; lastKnownFileType = sourcecode.swift; path = AppDelegate.swift; sourceTree = "<group>"; };
		6DA2F20F1DE4193B00908976 /* ViewController.swift */ = {isa = PBXFileReference; lastKnownFileType = sourcecode.swift; path = ViewController.swift; sourceTree = "<group>"; };
		6DA2F2121DE4193B00908976 /* Base */ = {isa = PBXFileReference; lastKnownFileType = file.storyboard; name = Base; path = Base.lproj/Main.storyboard; sourceTree = "<group>"; };
		6DA2F2141DE4193B00908976 /* Assets.xcassets */ = {isa = PBXFileReference; lastKnownFileType = folder.assetcatalog; path = Assets.xcassets; sourceTree = "<group>"; };
		6DA2F2171DE4193B00908976 /* Base */ = {isa = PBXFileReference; lastKnownFileType = file.storyboard; name = Base; path = Base.lproj/LaunchScreen.storyboard; sourceTree = "<group>"; };
		6DA2F2191DE4193B00908976 /* Info.plist */ = {isa = PBXFileReference; lastKnownFileType = text.plist.xml; path = Info.plist; sourceTree = "<group>"; };
		6DA2F2231DE4677B00908976 /* CheckPlease.app */ = {isa = PBXFileReference; explicitFileType = wrapper.application; includeInIndex = 0; path = CheckPlease.app; sourceTree = BUILT_PRODUCTS_DIR; };
		6DA2F2251DE4677B00908976 /* AppDelegate.swift */ = {isa = PBXFileReference; lastKnownFileType = sourcecode.swift; path = AppDelegate.swift; sourceTree = "<group>"; };
		6DA2F2271DE4677B00908976 /* ViewController.swift */ = {isa = PBXFileReference; lastKnownFileType = sourcecode.swift; path = ViewController.swift; sourceTree = "<group>"; };
		6DA2F22A1DE4677B00908976 /* Base */ = {isa = PBXFileReference; lastKnownFileType = file.storyboard; name = Base; path = Base.lproj/Main.storyboard; sourceTree = "<group>"; };
		6DA2F22C1DE4677B00908976 /* Assets.xcassets */ = {isa = PBXFileReference; lastKnownFileType = folder.assetcatalog; path = Assets.xcassets; sourceTree = "<group>"; };
		6DA2F22F1DE4677B00908976 /* Base */ = {isa = PBXFileReference; lastKnownFileType = file.storyboard; name = Base; path = Base.lproj/LaunchScreen.storyboard; sourceTree = "<group>"; };
		6DA2F2311DE4677B00908976 /* Info.plist */ = {isa = PBXFileReference; lastKnownFileType = text.plist.xml; path = Info.plist; sourceTree = "<group>"; };
/* End PBXFileReference section */

/* Begin PBXFrameworksBuildPhase section */
		6DA2F2071DE4193B00908976 /* Frameworks */ = {
			isa = PBXFrameworksBuildPhase;
			buildActionMask = 2147483647;
			files = (
			);
			runOnlyForDeploymentPostprocessing = 0;
		};
		6DA2F2201DE4677B00908976 /* Frameworks */ = {
			isa = PBXFrameworksBuildPhase;
			buildActionMask = 2147483647;
			files = (
			);
			runOnlyForDeploymentPostprocessing = 0;
		};
/* End PBXFrameworksBuildPhase section */

/* Begin PBXGroup section */
		6DA2F2011DE4193B00908976 = {
			isa = PBXGroup;
			children = (
				6DA2F20C1DE4193B00908976 /* PinchMe */,
				6DA2F2241DE4677B00908976 /* CheckPlease */,
				6DA2F20B1DE4193B00908976 /* Products */,
			);
			sourceTree = "<group>";
		};
		6DA2F20B1DE4193B00908976 /* Products */ = {
			isa = PBXGroup;
			children = (
				6DA2F20A1DE4193B00908976 /* PinchMe.app */,
				6DA2F2231DE4677B00908976 /* CheckPlease.app */,
			);
			name = Products;
			sourceTree = "<group>";
		};
		6DA2F20C1DE4193B00908976 /* PinchMe */ = {
			isa = PBXGroup;
			children = (
				6DA2F20D1DE4193B00908976 /* AppDelegate.swift */,
				6DA2F20F1DE4193B00908976 /* ViewController.swift */,
				6DA2F2111DE4193B00908976 /* Main.storyboard */,
				6DA2F2141DE4193B00908976 /* Assets.xcassets */,
				6DA2F2161DE4193B00908976 /* LaunchScreen.storyboard */,
				6DA2F2191DE4193B00908976 /* Info.plist */,
			);
			path = PinchMe;
			sourceTree = "<group>";
		};
		6DA2F2241DE4677B00908976 /* CheckPlease */ = {
			isa = PBXGroup;
			children = (
				6DA2F2251DE4677B00908976 /* AppDelegate.swift */,
				6DA2F2271DE4677B00908976 /* ViewController.swift */,
				6DA2F2291DE4677B00908976 /* Main.storyboard */,
				6DA2F22C1DE4677B00908976 /* Assets.xcassets */,
				6DA2F22E1DE4677B00908976 /* LaunchScreen.storyboard */,
				6DA2F2311DE4677B00908976 /* Info.plist */,
			);
			path = CheckPlease;
			sourceTree = "<group>";
		};
/* End PBXGroup section */

/* Begin PBXNativeTarget section */
		6DA2F2091DE4193B00908976 /* PinchMe */ = {
			isa = PBXNativeTarget;
			buildConfigurationList = 6DA2F21C1DE4193B00908976 /* Build configuration list for PBXNativeTarget "PinchMe" */;
			buildPhases = (
				6DA2F2061DE4193B00908976 /* Sources */,
				6DA2F2071DE4193B00908976 /* Frameworks */,
				6DA2F2081DE4193B00908976 /* Resources */,
			);
			buildRules = (
			);
			dependencies = (
			);
			name = PinchMe;
			productName = PinchMe;
			productReference = 6DA2F20A1DE4193B00908976 /* PinchMe.app */;
			productType = "com.apple.product-type.application";
		};
		6DA2F2221DE4677B00908976 /* CheckPlease */ = {
			isa = PBXNativeTarget;
			buildConfigurationList = 6DA2F2341DE4677C00908976 /* Build configuration list for PBXNativeTarget "CheckPlease" */;
			buildPhases = (
				6DA2F21F1DE4677B00908976 /* Sources */,
				6DA2F2201DE4677B00908976 /* Frameworks */,
				6DA2F2211DE4677B00908976 /* Resources */,
			);
			buildRules = (
			);
			dependencies = (
			);
			name = CheckPlease;
			productName = CheckPlease;
			productReference = 6DA2F2231DE4677B00908976 /* CheckPlease.app */;
			productType = "com.apple.product-type.application";
		};
/* End PBXNativeTarget section */

/* Begin PBXProject section */
		6DA2F2021DE4193B00908976 /* Project object */ = {
			isa = PBXProject;
			attributes = {
				LastSwiftUpdateCheck = 0720;
				LastUpgradeCheck = 0720;
				ORGANIZATIONNAME = NaPaFeng;
				TargetAttributes = {
					6DA2F2091DE4193B00908976 = {
						CreatedOnToolsVersion = 7.2.1;
						DevelopmentTeam = PH6S6F6G8N;
					};
					6DA2F2221DE4677B00908976 = {
						CreatedOnToolsVersion = 7.2.1;
						DevelopmentTeam = PH6S6F6G8N;
					};
				};
			};
			buildConfigurationList = 6DA2F2051DE4193B00908976 /* Build configuration list for PBXProject "PinchMe" */;
			compatibilityVersion = "Xcode 3.2";
			developmentRegion = English;
			hasScannedForEncodings = 0;
			knownRegions = (
				en,
				Base,
			);
			mainGroup = 6DA2F2011DE4193B00908976;
			productRefGroup = 6DA2F20B1DE4193B00908976 /* Products */;
			projectDirPath = "";
			projectRoot = "";
			targets = (
				6DA2F2091DE4193B00908976 /* PinchMe */,
				6DA2F2221DE4677B00908976 /* CheckPlease */,
			);
		};
/* End PBXProject section */

/* Begin PBXResourcesBuildPhase section */
		6DA2F2081DE4193B00908976 /* Resources */ = {
			isa = PBXResourcesBuildPhase;
			buildActionMask = 2147483647;
			files = (
				6DA2F2181DE4193B00908976 /* LaunchScreen.storyboard in Resources */,
				6DA2F2151DE4193B00908976 /* Assets.xcassets in Resources */,
				6DA2F2131DE4193B00908976 /* Main.storyboard in Resources */,
			);
			runOnlyForDeploymentPostprocessing = 0;
		};
		6DA2F2211DE4677B00908976 /* Resources */ = {
			isa = PBXResourcesBuildPhase;
			buildActionMask = 2147483647;
			files = (
				6DA2F2301DE4677B00908976 /* LaunchScreen.storyboard in Resources */,
				6DA2F22D1DE4677B00908976 /* Assets.xcassets in Resources */,
				6DA2F22B1DE4677B00908976 /* Main.storyboard in Resources */,
			);
			runOnlyForDeploymentPostprocessing = 0;
		};
/* End PBXResourcesBuildPhase section */

/* Begin PBXSourcesBuildPhase section */
		6DA2F2061DE4193B00908976 /* Sources */ = {
			isa = PBXSourcesBuildPhase;
			buildActionMask = 2147483647;
			files = (
				6DA2F2101DE4193B00908976 /* ViewController.swift in Sources */,
				6DA2F20E1DE4193B00908976 /* AppDelegate.swift in Sources */,
			);
			runOnlyForDeploymentPostprocessing = 0;
		};
		6DA2F21F1DE4677B00908976 /* Sources */ = {
			isa = PBXSourcesBuildPhase;
			buildActionMask = 2147483647;
			files = (
				6DA2F2281DE4677B00908976 /* ViewController.swift in Sources */,
				6DA2F2261DE4677B00908976 /* AppDelegate.swift in Sources */,
			);
			runOnlyForDeploymentPostprocessing = 0;
		};
/* End PBXSourcesBuildPhase section */

/* Begin PBXVariantGroup section */
		6DA2F2111DE4193B00908976 /* Main.storyboard */ = {
			isa = PBXVariantGroup;
			children = (
				6DA2F2121DE4193B00908976 /* Base */,
			);
			name = Main.storyboard;
			sourceTree = "<group>";
		};
		6DA2F2161DE4193B00908976 /* LaunchScreen.storyboard */ = {
			isa = PBXVariantGroup;
			children = (
				6DA2F2171DE4193B00908976 /* Base */,
			);
			name = LaunchScreen.storyboard;
			sourceTree = "<group>";
		};
		6DA2F2291DE4677B00908976 /* Main.storyboard */ = {
			isa = PBXVariantGroup;
			children = (
				6DA2F22A1DE4677B00908976 /* Base */,
			);
			name = Main.storyboard;
			sourceTree = "<group>";
		};
		6DA2F22E1DE4677B00908976 /* LaunchScreen.storyboard */ = {
			isa = PBXVariantGroup;
			children = (
				6DA2F22F1DE4677B00908976 /* Base */,
			);
			name = LaunchScreen.storyboard;
			sourceTree = "<group>";
		};
/* End PBXVariantGroup section */

/* Begin XCBuildConfiguration section */
		6DA2F21A1DE4193B00908976 /* Debug */ = {
			isa = XCBuildConfiguration;
			buildSettings = {
				ALWAYS_SEARCH_USER_PATHS = NO;
				CLANG_CXX_LANGUAGE_STANDARD = "gnu++0x";
				CLANG_CXX_LIBRARY = "libc++";
				CLANG_ENABLE_MODULES = YES;
				CLANG_ENABLE_OBJC_ARC = YES;
				CLANG_WARN_BOOL_CONVERSION = YES;
				CLANG_WARN_CONSTANT_CONVERSION = YES;
				CLANG_WARN_DIRECT_OBJC_ISA_USAGE = YES_ERROR;
				CLANG_WARN_EMPTY_BODY = YES;
				CLANG_WARN_ENUM_CONVERSION = YES;
				CLANG_WARN_INT_CONVERSION = YES;
				CLANG_WARN_OBJC_ROOT_CLASS = YES_ERROR;
				CLANG_WARN_UNREACHABLE_CODE = YES;
				CLANG_WARN__DUPLICATE_METHOD_MATCH = YES;
				"CODE_SIGN_IDENTITY[sdk=iphoneos*]" = "iPhone Developer";
				COPY_PHASE_STRIP = NO;
				DEBUG_INFORMATION_FORMAT = dwarf;
				ENABLE_STRICT_OBJC_MSGSEND = YES;
				ENABLE_TESTABILITY = YES;
				GCC_C_LANGUAGE_STANDARD = gnu99;
				GCC_DYNAMIC_NO_PIC = NO;
				GCC_NO_COMMON_BLOCKS = YES;
				GCC_OPTIMIZATION_LEVEL = 0;
				GCC_PREPROCESSOR_DEFINITIONS = (
					"DEBUG=1",
					"$(inherited)",
				);
				GCC_WARN_64_TO_32_BIT_CONVERSION = YES;
				GCC_WARN_ABOUT_RETURN_TYPE = YES_ERROR;
				GCC_WARN_UNDECLARED_SELECTOR = YES;
				GCC_WARN_UNINITIALIZED_AUTOS = YES_AGGRESSIVE;
				GCC_WARN_UNUSED_FUNCTION = YES;
				GCC_WARN_UNUSED_VARIABLE = YES;
				IPHONEOS_DEPLOYMENT_TARGET = 9.2;
				MTL_ENABLE_DEBUG_INFO = YES;
				ONLY_ACTIVE_ARCH = YES;
				SDKROOT = iphoneos;
				SWIFT_OPTIMIZATION_LEVEL = "-Onone";
				TARGETED_DEVICE_FAMILY = "1,2";
			};
			name = Debug;
		};
		6DA2F21B1DE4193B00908976 /* Release */ = {
			isa = XCBuildConfiguration;
			buildSettings = {
				ALWAYS_SEARCH_USER_PATHS = NO;
				CLANG_CXX_LANGUAGE_STANDARD = "gnu++0x";
				CLANG_CXX_LIBRARY = "libc++";
				CLANG_ENABLE_MODULES = YES;
				CLANG_ENABLE_OBJC_ARC = YES;
				CLANG_WARN_BOOL_CONVERSION = YES;
				CLANG_WARN_CONSTANT_CONVERSION = YES;
				CLANG_WARN_DIRECT_OBJC_ISA_USAGE = YES_ERROR;
				CLANG_WARN_EMPTY_BODY = YES;
				CLANG_WARN_ENUM_CONVERSION = YES;
				CLANG_WARN_INT_CONVERSION = YES;
				CLANG_WARN_OBJC_ROOT_CLASS = YES_ERROR;
				CLANG_WARN_UNREACHABLE_CODE = YES;
				CLANG_WARN__DUPLICATE_METHOD_MATCH = YES;
				"CODE_SIGN_IDENTITY[sdk=iphoneos*]" = "iPhone Developer";
				COPY_PHASE_STRIP = NO;
				DEBUG_INFORMATION_FORMAT = "dwarf-with-dsym";
				ENABLE_NS_ASSERTIONS = NO;
				ENABLE_STRICT_OBJC_MSGSEND = YES;
				GCC_C_LANGUAGE_STANDARD = gnu99;
				GCC_NO_COMMON_BLOCKS = YES;
				GCC_WARN_64_TO_32_BIT_CONVERSION = YES;
				GCC_WARN_ABOUT_RETURN_TYPE = YES_ERROR;
				GCC_WARN_UNDECLARED_SELECTOR = YES;
				GCC_WARN_UNINITIALIZED_AUTOS = YES_AGGRESSIVE;
				GCC_WARN_UNUSED_FUNCTION = YES;
				GCC_WARN_UNUSED_VARIABLE = YES;
				IPHONEOS_DEPLOYMENT_TARGET = 9.2;
				MTL_ENABLE_DEBUG_INFO = NO;
				SDKROOT = iphoneos;
				TARGETED_DEVICE_FAMILY = "1,2";
				VALIDATE_PRODUCT = YES;
			};
			name = Release;
		};
		6DA2F21D1DE4193B00908976 /* Debug */ = {
			isa = XCBuildConfiguration;
			buildSettings = {
				ASSETCATALOG_COMPILER_APPICON_NAME = AppIcon;
				INFOPLIST_FILE = PinchMe/Info.plist;
				LD_RUNPATH_SEARCH_PATHS = "$(inherited) @executable_path/Frameworks";
				PRODUCT_BUNDLE_IDENTIFIER = NPF.PinchMe;
				PRODUCT_NAME = "$(TARGET_NAME)";
			};
			name = Debug;
		};
		6DA2F21E1DE4193B00908976 /* Release */ = {
			isa = XCBuildConfiguration;
			buildSettings = {
				ASSETCATALOG_COMPILER_APPICON_NAME = AppIcon;
				INFOPLIST_FILE = PinchMe/Info.plist;
				LD_RUNPATH_SEARCH_PATHS = "$(inherited) @executable_path/Frameworks";
				PRODUCT_BUNDLE_IDENTIFIER = NPF.PinchMe;
				PRODUCT_NAME = "$(TARGET_NAME)";
			};
			name = Release;
		};
		6DA2F2321DE4677B00908976 /* Debug */ = {
			isa = XCBuildConfiguration;
			buildSettings = {
				ASSETCATALOG_COMPILER_APPICON_NAME = AppIcon;
				INFOPLIST_FILE = CheckPlease/Info.plist;
				LD_RUNPATH_SEARCH_PATHS = "$(inherited) @executable_path/Frameworks";
				PRODUCT_BUNDLE_IDENTIFIER = NPF.CheckPlease;
				PRODUCT_NAME = "$(TARGET_NAME)";
			};
			name = Debug;
		};
		6DA2F2331DE4677B00908976 /* Release */ = {
			isa = XCBuildConfiguration;
			buildSettings = {
				ASSETCATALOG_COMPILER_APPICON_NAME = AppIcon;
				INFOPLIST_FILE = CheckPlease/Info.plist;
				LD_RUNPATH_SEARCH_PATHS = "$(inherited) @executable_path/Frameworks";
				PRODUCT_BUNDLE_IDENTIFIER = NPF.CheckPlease;
				PRODUCT_NAME = "$(TARGET_NAME)";
			};
			name = Release;
		};
/* End XCBuildConfiguration section */

/* Begin XCConfigurationList section */
		6DA2F2051DE4193B00908976 /* Build configuration list for PBXProject "PinchMe" */ = {
			isa = XCConfigurationList;
			buildConfigurations = (
				6DA2F21A1DE4193B00908976 /* Debug */,
				6DA2F21B1DE4193B00908976 /* Release */,
			);
			defaultConfigurationIsVisible = 0;
			defaultConfigurationName = Release;
		};
		6DA2F21C1DE4193B00908976 /* Build configuration list for PBXNativeTarget "PinchMe" */ = {
			isa = XCConfigurationList;
			buildConfigurations = (
				6DA2F21D1DE4193B00908976 /* Debug */,
				6DA2F21E1DE4193B00908976 /* Release */,
			);
			defaultConfigurationIsVisible = 0;
			defaultConfigurationName = Release;
		};
		6DA2F2341DE4677C00908976 /* Build configuration list for PBXNativeTarget "CheckPlease" */ = {
			isa = XCConfigurationList;
			buildConfigurations = (
				6DA2F2321DE4677B00908976 /* Debug */,
				6DA2F2331DE4677B00908976 /* Release */,
			);
			defaultConfigurationIsVisible = 0;
		};
/* End XCConfigurationList section */
	};
	rootObject = 6DA2F2021DE4193B00908976 /* Project object */;
}
