// !$*UTF8*$!
{
	archiveVersion = 1;
	classes = {
	};
	objectVersion = 46;
	objects = {

/* Begin PBXBuildFile section */
		6D2AD6C31DD0C0DA008B5DFF /* LanguageListController.swift in Sources */ = {isa = PBXBuildFile; fileRef = 6D2AD6C21DD0C0DA008B5DFF /* LanguageListController.swift */; };
		6D2AD6C51DD20E80008B5DFF /* RootViewController.swift in Sources */ = {isa = PBXBuildFile; fileRef = 6D2AD6C41DD20E80008B5DFF /* RootViewController.swift */; };
		6DAB9A491DCF70C80047C296 /* PresidentList.plist in Resources */ = {isa = PBXBuildFile; fileRef = 6DAB9A481DCF70C80047C296 /* PresidentList.plist */; };
		6DFA221E1D9C9CCC00CDEBF4 /* AppDelegate.swift in Sources */ = {isa = PBXBuildFile; fileRef = 6DFA221D1D9C9CCC00CDEBF4 /* AppDelegate.swift */; };
		6DFA22201D9C9CCC00CDEBF4 /* MasterViewController.swift in Sources */ = {isa = PBXBuildFile; fileRef = 6DFA221F1D9C9CCC00CDEBF4 /* MasterViewController.swift */; };
		6DFA22221D9C9CCC00CDEBF4 /* DetailViewController.swift in Sources */ = {isa = PBXBuildFile; fileRef = 6DFA22211D9C9CCC00CDEBF4 /* DetailViewController.swift */; };
		6DFA22251D9C9CCC00CDEBF4 /* Main.storyboard in Resources */ = {isa = PBXBuildFile; fileRef = 6DFA22231D9C9CCC00CDEBF4 /* Main.storyboard */; };
		6DFA22271D9C9CCC00CDEBF4 /* Assets.xcassets in Resources */ = {isa = PBXBuildFile; fileRef = 6DFA22261D9C9CCC00CDEBF4 /* Assets.xcassets */; };
		6DFA222A1D9C9CCC00CDEBF4 /* LaunchScreen.storyboard in Resources */ = {isa = PBXBuildFile; fileRef = 6DFA22281D9C9CCC00CDEBF4 /* LaunchScreen.storyboard */; };
		6DFA22351D9C9CCC00CDEBF4 /* PresidentsTests.swift in Sources */ = {isa = PBXBuildFile; fileRef = 6DFA22341D9C9CCC00CDEBF4 /* PresidentsTests.swift */; };
		6DFA22401D9C9CCC00CDEBF4 /* PresidentsUITests.swift in Sources */ = {isa = PBXBuildFile; fileRef = 6DFA223F1D9C9CCC00CDEBF4 /* PresidentsUITests.swift */; };
/* End PBXBuildFile section */

/* Begin PBXContainerItemProxy section */
		6DFA22311D9C9CCC00CDEBF4 /* PBXContainerItemProxy */ = {
			isa = PBXContainerItemProxy;
			containerPortal = 6DFA22121D9C9CCC00CDEBF4 /* Project object */;
			proxyType = 1;
			remoteGlobalIDString = 6DFA22191D9C9CCC00CDEBF4;
			remoteInfo = Presidents;
		};
		6DFA223C1D9C9CCC00CDEBF4 /* PBXContainerItemProxy */ = {
			isa = PBXContainerItemProxy;
			containerPortal = 6DFA22121D9C9CCC00CDEBF4 /* Project object */;
			proxyType = 1;
			remoteGlobalIDString = 6DFA22191D9C9CCC00CDEBF4;
			remoteInfo = Presidents;
		};
/* End PBXContainerItemProxy section */

/* Begin PBXFileReference section */
		6D2AD6C21DD0C0DA008B5DFF /* LanguageListController.swift */ = {isa = PBXFileReference; fileEncoding = 4; lastKnownFileType = sourcecode.swift; path = LanguageListController.swift; sourceTree = "<group>"; };
		6D2AD6C41DD20E80008B5DFF /* RootViewController.swift */ = {isa = PBXFileReference; fileEncoding = 4; lastKnownFileType = sourcecode.swift; path = RootViewController.swift; sourceTree = "<group>"; };
		6DAB9A481DCF70C80047C296 /* PresidentList.plist */ = {isa = PBXFileReference; fileEncoding = 4; lastKnownFileType = text.plist.xml; path = PresidentList.plist; sourceTree = "<group>"; };
		6DFA221A1D9C9CCC00CDEBF4 /* Presidents.app */ = {isa = PBXFileReference; explicitFileType = wrapper.application; includeInIndex = 0; path = Presidents.app; sourceTree = BUILT_PRODUCTS_DIR; };
		6DFA221D1D9C9CCC00CDEBF4 /* AppDelegate.swift */ = {isa = PBXFileReference; lastKnownFileType = sourcecode.swift; path = AppDelegate.swift; sourceTree = "<group>"; };
		6DFA221F1D9C9CCC00CDEBF4 /* MasterViewController.swift */ = {isa = PBXFileReference; lastKnownFileType = sourcecode.swift; path = MasterViewController.swift; sourceTree = "<group>"; };
		6DFA22211D9C9CCC00CDEBF4 /* DetailViewController.swift */ = {isa = PBXFileReference; lastKnownFileType = sourcecode.swift; path = DetailViewController.swift; sourceTree = "<group>"; };
		6DFA22241D9C9CCC00CDEBF4 /* Base */ = {isa = PBXFileReference; lastKnownFileType = file.storyboard; name = Base; path = Base.lproj/Main.storyboard; sourceTree = "<group>"; };
		6DFA22261D9C9CCC00CDEBF4 /* Assets.xcassets */ = {isa = PBXFileReference; lastKnownFileType = folder.assetcatalog; path = Assets.xcassets; sourceTree = "<group>"; };
		6DFA22291D9C9CCC00CDEBF4 /* Base */ = {isa = PBXFileReference; lastKnownFileType = file.storyboard; name = Base; path = Base.lproj/LaunchScreen.storyboard; sourceTree = "<group>"; };
		6DFA222B1D9C9CCC00CDEBF4 /* Info.plist */ = {isa = PBXFileReference; lastKnownFileType = text.plist.xml; path = Info.plist; sourceTree = "<group>"; };
		6DFA22301D9C9CCC00CDEBF4 /* PresidentsTests.xctest */ = {isa = PBXFileReference; explicitFileType = wrapper.cfbundle; includeInIndex = 0; path = PresidentsTests.xctest; sourceTree = BUILT_PRODUCTS_DIR; };
		6DFA22341D9C9CCC00CDEBF4 /* PresidentsTests.swift */ = {isa = PBXFileReference; lastKnownFileType = sourcecode.swift; path = PresidentsTests.swift; sourceTree = "<group>"; };
		6DFA22361D9C9CCC00CDEBF4 /* Info.plist */ = {isa = PBXFileReference; lastKnownFileType = text.plist.xml; path = Info.plist; sourceTree = "<group>"; };
		6DFA223B1D9C9CCC00CDEBF4 /* PresidentsUITests.xctest */ = {isa = PBXFileReference; explicitFileType = wrapper.cfbundle; includeInIndex = 0; path = PresidentsUITests.xctest; sourceTree = BUILT_PRODUCTS_DIR; };
		6DFA223F1D9C9CCC00CDEBF4 /* PresidentsUITests.swift */ = {isa = PBXFileReference; lastKnownFileType = sourcecode.swift; path = PresidentsUITests.swift; sourceTree = "<group>"; };
		6DFA22411D9C9CCC00CDEBF4 /* Info.plist */ = {isa = PBXFileReference; lastKnownFileType = text.plist.xml; path = Info.plist; sourceTree = "<group>"; };
/* End PBXFileReference section */

/* Begin PBXFrameworksBuildPhase section */
		6DFA22171D9C9CCC00CDEBF4 /* Frameworks */ = {
			isa = PBXFrameworksBuildPhase;
			buildActionMask = 2147483647;
			files = (
			);
			runOnlyForDeploymentPostprocessing = 0;
		};
		6DFA222D1D9C9CCC00CDEBF4 /* Frameworks */ = {
			isa = PBXFrameworksBuildPhase;
			buildActionMask = 2147483647;
			files = (
			);
			runOnlyForDeploymentPostprocessing = 0;
		};
		6DFA22381D9C9CCC00CDEBF4 /* Frameworks */ = {
			isa = PBXFrameworksBuildPhase;
			buildActionMask = 2147483647;
			files = (
			);
			runOnlyForDeploymentPostprocessing = 0;
		};
/* End PBXFrameworksBuildPhase section */

/* Begin PBXGroup section */
		6DFA22111D9C9CCC00CDEBF4 = {
			isa = PBXGroup;
			children = (
				6DFA221C1D9C9CCC00CDEBF4 /* Presidents */,
				6DFA22331D9C9CCC00CDEBF4 /* PresidentsTests */,
				6DFA223E1D9C9CCC00CDEBF4 /* PresidentsUITests */,
				6DFA221B1D9C9CCC00CDEBF4 /* Products */,
			);
			sourceTree = "<group>";
		};
		6DFA221B1D9C9CCC00CDEBF4 /* Products */ = {
			isa = PBXGroup;
			children = (
				6DFA221A1D9C9CCC00CDEBF4 /* Presidents.app */,
				6DFA22301D9C9CCC00CDEBF4 /* PresidentsTests.xctest */,
				6DFA223B1D9C9CCC00CDEBF4 /* PresidentsUITests.xctest */,
			);
			name = Products;
			sourceTree = "<group>";
		};
		6DFA221C1D9C9CCC00CDEBF4 /* Presidents */ = {
			isa = PBXGroup;
			children = (
				6DFA221D1D9C9CCC00CDEBF4 /* AppDelegate.swift */,
				6D2AD6C41DD20E80008B5DFF /* RootViewController.swift */,
				6DFA221F1D9C9CCC00CDEBF4 /* MasterViewController.swift */,
				6DFA22211D9C9CCC00CDEBF4 /* DetailViewController.swift */,
				6D2AD6C21DD0C0DA008B5DFF /* LanguageListController.swift */,
				6DFA22261D9C9CCC00CDEBF4 /* Assets.xcassets */,
				6DFA22231D9C9CCC00CDEBF4 /* Main.storyboard */,
				6DFA22281D9C9CCC00CDEBF4 /* LaunchScreen.storyboard */,
				6DAB9A481DCF70C80047C296 /* PresidentList.plist */,
				6DFA222B1D9C9CCC00CDEBF4 /* Info.plist */,
			);
			path = Presidents;
			sourceTree = "<group>";
		};
		6DFA22331D9C9CCC00CDEBF4 /* PresidentsTests */ = {
			isa = PBXGroup;
			children = (
				6DFA22341D9C9CCC00CDEBF4 /* PresidentsTests.swift */,
				6DFA22361D9C9CCC00CDEBF4 /* Info.plist */,
			);
			path = PresidentsTests;
			sourceTree = "<group>";
		};
		6DFA223E1D9C9CCC00CDEBF4 /* PresidentsUITests */ = {
			isa = PBXGroup;
			children = (
				6DFA223F1D9C9CCC00CDEBF4 /* PresidentsUITests.swift */,
				6DFA22411D9C9CCC00CDEBF4 /* Info.plist */,
			);
			path = PresidentsUITests;
			sourceTree = "<group>";
		};
/* End PBXGroup section */

/* Begin PBXNativeTarget section */
		6DFA22191D9C9CCC00CDEBF4 /* Presidents */ = {
			isa = PBXNativeTarget;
			buildConfigurationList = 6DFA22441D9C9CCC00CDEBF4 /* Build configuration list for PBXNativeTarget "Presidents" */;
			buildPhases = (
				6DFA22161D9C9CCC00CDEBF4 /* Sources */,
				6DFA22171D9C9CCC00CDEBF4 /* Frameworks */,
				6DFA22181D9C9CCC00CDEBF4 /* Resources */,
			);
			buildRules = (
			);
			dependencies = (
			);
			name = Presidents;
			productName = Presidents;
			productReference = 6DFA221A1D9C9CCC00CDEBF4 /* Presidents.app */;
			productType = "com.apple.product-type.application";
		};
		6DFA222F1D9C9CCC00CDEBF4 /* PresidentsTests */ = {
			isa = PBXNativeTarget;
			buildConfigurationList = 6DFA22471D9C9CCC00CDEBF4 /* Build configuration list for PBXNativeTarget "PresidentsTests" */;
			buildPhases = (
				6DFA222C1D9C9CCC00CDEBF4 /* Sources */,
				6DFA222D1D9C9CCC00CDEBF4 /* Frameworks */,
				6DFA222E1D9C9CCC00CDEBF4 /* Resources */,
			);
			buildRules = (
			);
			dependencies = (
				6DFA22321D9C9CCC00CDEBF4 /* PBXTargetDependency */,
			);
			name = PresidentsTests;
			productName = PresidentsTests;
			productReference = 6DFA22301D9C9CCC00CDEBF4 /* PresidentsTests.xctest */;
			productType = "com.apple.product-type.bundle.unit-test";
		};
		6DFA223A1D9C9CCC00CDEBF4 /* PresidentsUITests */ = {
			isa = PBXNativeTarget;
			buildConfigurationList = 6DFA224A1D9C9CCC00CDEBF4 /* Build configuration list for PBXNativeTarget "PresidentsUITests" */;
			buildPhases = (
				6DFA22371D9C9CCC00CDEBF4 /* Sources */,
				6DFA22381D9C9CCC00CDEBF4 /* Frameworks */,
				6DFA22391D9C9CCC00CDEBF4 /* Resources */,
			);
			buildRules = (
			);
			dependencies = (
				6DFA223D1D9C9CCC00CDEBF4 /* PBXTargetDependency */,
			);
			name = PresidentsUITests;
			productName = PresidentsUITests;
			productReference = 6DFA223B1D9C9CCC00CDEBF4 /* PresidentsUITests.xctest */;
			productType = "com.apple.product-type.bundle.ui-testing";
		};
/* End PBXNativeTarget section */

/* Begin PBXProject section */
		6DFA22121D9C9CCC00CDEBF4 /* Project object */ = {
			isa = PBXProject;
			attributes = {
				LastSwiftUpdateCheck = 0720;
				LastUpgradeCheck = 0720;
				ORGANIZATIONNAME = NaPaFeng;
				TargetAttributes = {
					6DFA22191D9C9CCC00CDEBF4 = {
						CreatedOnToolsVersion = 7.2.1;
						DevelopmentTeam = PH6S6F6G8N;
					};
					6DFA222F1D9C9CCC00CDEBF4 = {
						CreatedOnToolsVersion = 7.2.1;
						DevelopmentTeam = PH6S6F6G8N;
						TestTargetID = 6DFA22191D9C9CCC00CDEBF4;
					};
					6DFA223A1D9C9CCC00CDEBF4 = {
						CreatedOnToolsVersion = 7.2.1;
						DevelopmentTeam = PH6S6F6G8N;
						TestTargetID = 6DFA22191D9C9CCC00CDEBF4;
					};
				};
			};
			buildConfigurationList = 6DFA22151D9C9CCC00CDEBF4 /* Build configuration list for PBXProject "Presidents" */;
			compatibilityVersion = "Xcode 3.2";
			developmentRegion = English;
			hasScannedForEncodings = 0;
			knownRegions = (
				en,
				Base,
			);
			mainGroup = 6DFA22111D9C9CCC00CDEBF4;
			productRefGroup = 6DFA221B1D9C9CCC00CDEBF4 /* Products */;
			projectDirPath = "";
			projectRoot = "";
			targets = (
				6DFA22191D9C9CCC00CDEBF4 /* Presidents */,
				6DFA222F1D9C9CCC00CDEBF4 /* PresidentsTests */,
				6DFA223A1D9C9CCC00CDEBF4 /* PresidentsUITests */,
			);
		};
/* End PBXProject section */

/* Begin PBXResourcesBuildPhase section */
		6DFA22181D9C9CCC00CDEBF4 /* Resources */ = {
			isa = PBXResourcesBuildPhase;
			buildActionMask = 2147483647;
			files = (
				6DFA222A1D9C9CCC00CDEBF4 /* LaunchScreen.storyboard in Resources */,
				6DFA22271D9C9CCC00CDEBF4 /* Assets.xcassets in Resources */,
				6DFA22251D9C9CCC00CDEBF4 /* Main.storyboard in Resources */,
				6DAB9A491DCF70C80047C296 /* PresidentList.plist in Resources */,
			);
			runOnlyForDeploymentPostprocessing = 0;
		};
		6DFA222E1D9C9CCC00CDEBF4 /* Resources */ = {
			isa = PBXResourcesBuildPhase;
			buildActionMask = 2147483647;
			files = (
			);
			runOnlyForDeploymentPostprocessing = 0;
		};
		6DFA22391D9C9CCC00CDEBF4 /* Resources */ = {
			isa = PBXResourcesBuildPhase;
			buildActionMask = 2147483647;
			files = (
			);
			runOnlyForDeploymentPostprocessing = 0;
		};
/* End PBXResourcesBuildPhase section */

/* Begin PBXSourcesBuildPhase section */
		6DFA22161D9C9CCC00CDEBF4 /* Sources */ = {
			isa = PBXSourcesBuildPhase;
			buildActionMask = 2147483647;
			files = (
				6D2AD6C51DD20E80008B5DFF /* RootViewController.swift in Sources */,
				6DFA22221D9C9CCC00CDEBF4 /* DetailViewController.swift in Sources */,
				6DFA22201D9C9CCC00CDEBF4 /* MasterViewController.swift in Sources */,
				6DFA221E1D9C9CCC00CDEBF4 /* AppDelegate.swift in Sources */,
				6D2AD6C31DD0C0DA008B5DFF /* LanguageListController.swift in Sources */,
			);
			runOnlyForDeploymentPostprocessing = 0;
		};
		6DFA222C1D9C9CCC00CDEBF4 /* Sources */ = {
			isa = PBXSourcesBuildPhase;
			buildActionMask = 2147483647;
			files = (
				6DFA22351D9C9CCC00CDEBF4 /* PresidentsTests.swift in Sources */,
			);
			runOnlyForDeploymentPostprocessing = 0;
		};
		6DFA22371D9C9CCC00CDEBF4 /* Sources */ = {
			isa = PBXSourcesBuildPhase;
			buildActionMask = 2147483647;
			files = (
				6DFA22401D9C9CCC00CDEBF4 /* PresidentsUITests.swift in Sources */,
			);
			runOnlyForDeploymentPostprocessing = 0;
		};
/* End PBXSourcesBuildPhase section */

/* Begin PBXTargetDependency section */
		6DFA22321D9C9CCC00CDEBF4 /* PBXTargetDependency */ = {
			isa = PBXTargetDependency;
			target = 6DFA22191D9C9CCC00CDEBF4 /* Presidents */;
			targetProxy = 6DFA22311D9C9CCC00CDEBF4 /* PBXContainerItemProxy */;
		};
		6DFA223D1D9C9CCC00CDEBF4 /* PBXTargetDependency */ = {
			isa = PBXTargetDependency;
			target = 6DFA22191D9C9CCC00CDEBF4 /* Presidents */;
			targetProxy = 6DFA223C1D9C9CCC00CDEBF4 /* PBXContainerItemProxy */;
		};
/* End PBXTargetDependency section */

/* Begin PBXVariantGroup section */
		6DFA22231D9C9CCC00CDEBF4 /* Main.storyboard */ = {
			isa = PBXVariantGroup;
			children = (
				6DFA22241D9C9CCC00CDEBF4 /* Base */,
			);
			name = Main.storyboard;
			sourceTree = "<group>";
		};
		6DFA22281D9C9CCC00CDEBF4 /* LaunchScreen.storyboard */ = {
			isa = PBXVariantGroup;
			children = (
				6DFA22291D9C9CCC00CDEBF4 /* Base */,
			);
			name = LaunchScreen.storyboard;
			sourceTree = "<group>";
		};
/* End PBXVariantGroup section */

/* Begin XCBuildConfiguration section */
		6DFA22421D9C9CCC00CDEBF4 /* Debug */ = {
			isa = XCBuildConfiguration;
			buildSettings = {
				ALWAYS_SEARCH_USER_PATHS = NO;
				CLANG_CXX_LANGUAGE_STANDARD = "gnu++0x";
				CLANG_CXX_LIBRARY = "libc++";
				CLANG_ENABLE_MODULES = YES;
				CLANG_ENABLE_OBJC_ARC = YES;
				CLANG_WARN_BOOL_CONVERSION = YES;
				CLANG_WARN_CONSTANT_CONVERSION = YES;
				CLANG_WARN_DIRECT_OBJC_ISA_USAGE = YES_ERROR;
				CLANG_WARN_EMPTY_BODY = YES;
				CLANG_WARN_ENUM_CONVERSION = YES;
				CLANG_WARN_INT_CONVERSION = YES;
				CLANG_WARN_OBJC_ROOT_CLASS = YES_ERROR;
				CLANG_WARN_UNREACHABLE_CODE = YES;
				CLANG_WARN__DUPLICATE_METHOD_MATCH = YES;
				"CODE_SIGN_IDENTITY[sdk=iphoneos*]" = "iPhone Developer";
				COPY_PHASE_STRIP = NO;
				DEBUG_INFORMATION_FORMAT = dwarf;
				ENABLE_STRICT_OBJC_MSGSEND = YES;
				ENABLE_TESTABILITY = YES;
				GCC_C_LANGUAGE_STANDARD = gnu99;
				GCC_DYNAMIC_NO_PIC = NO;
				GCC_NO_COMMON_BLOCKS = YES;
				GCC_OPTIMIZATION_LEVEL = 0;
				GCC_PREPROCESSOR_DEFINITIONS = (
					"DEBUG=1",
					"$(inherited)",
				);
				GCC_WARN_64_TO_32_BIT_CONVERSION = YES;
				GCC_WARN_ABOUT_RETURN_TYPE = YES_ERROR;
				GCC_WARN_UNDECLARED_SELECTOR = YES;
				GCC_WARN_UNINITIALIZED_AUTOS = YES_AGGRESSIVE;
				GCC_WARN_UNUSED_FUNCTION = YES;
				GCC_WARN_UNUSED_VARIABLE = YES;
				IPHONEOS_DEPLOYMENT_TARGET = 9.2;
				MTL_ENABLE_DEBUG_INFO = YES;
				ONLY_ACTIVE_ARCH = YES;
				SDKROOT = iphoneos;
				SWIFT_OPTIMIZATION_LEVEL = "-Onone";
				TARGETED_DEVICE_FAMILY = "1,2";
			};
			name = Debug;
		};
		6DFA22431D9C9CCC00CDEBF4 /* Release */ = {
			isa = XCBuildConfiguration;
			buildSettings = {
				ALWAYS_SEARCH_USER_PATHS = NO;
				CLANG_CXX_LANGUAGE_STANDARD = "gnu++0x";
				CLANG_CXX_LIBRARY = "libc++";
				CLANG_ENABLE_MODULES = YES;
				CLANG_ENABLE_OBJC_ARC = YES;
				CLANG_WARN_BOOL_CONVERSION = YES;
				CLANG_WARN_CONSTANT_CONVERSION = YES;
				CLANG_WARN_DIRECT_OBJC_ISA_USAGE = YES_ERROR;
				CLANG_WARN_EMPTY_BODY = YES;
				CLANG_WARN_ENUM_CONVERSION = YES;
				CLANG_WARN_INT_CONVERSION = YES;
				CLANG_WARN_OBJC_ROOT_CLASS = YES_ERROR;
				CLANG_WARN_UNREACHABLE_CODE = YES;
				CLANG_WARN__DUPLICATE_METHOD_MATCH = YES;
				"CODE_SIGN_IDENTITY[sdk=iphoneos*]" = "iPhone Developer";
				COPY_PHASE_STRIP = NO;
				DEBUG_INFORMATION_FORMAT = "dwarf-with-dsym";
				ENABLE_NS_ASSERTIONS = NO;
				ENABLE_STRICT_OBJC_MSGSEND = YES;
				GCC_C_LANGUAGE_STANDARD = gnu99;
				GCC_NO_COMMON_BLOCKS = YES;
				GCC_WARN_64_TO_32_BIT_CONVERSION = YES;
				GCC_WARN_ABOUT_RETURN_TYPE = YES_ERROR;
				GCC_WARN_UNDECLARED_SELECTOR = YES;
				GCC_WARN_UNINITIALIZED_AUTOS = YES_AGGRESSIVE;
				GCC_WARN_UNUSED_FUNCTION = YES;
				GCC_WARN_UNUSED_VARIABLE = YES;
				IPHONEOS_DEPLOYMENT_TARGET = 9.2;
				MTL_ENABLE_DEBUG_INFO = NO;
				SDKROOT = iphoneos;
				TARGETED_DEVICE_FAMILY = "1,2";
				VALIDATE_PRODUCT = YES;
			};
			name = Release;
		};
		6DFA22451D9C9CCC00CDEBF4 /* Debug */ = {
			isa = XCBuildConfiguration;
			buildSettings = {
				ASSETCATALOG_COMPILER_APPICON_NAME = AppIcon;
				INFOPLIST_FILE = Presidents/Info.plist;
				LD_RUNPATH_SEARCH_PATHS = "$(inherited) @executable_path/Frameworks";
				PRODUCT_BUNDLE_IDENTIFIER = NPF.Presidents;
				PRODUCT_NAME = "$(TARGET_NAME)";
			};
			name = Debug;
		};
		6DFA22461D9C9CCC00CDEBF4 /* Release */ = {
			isa = XCBuildConfiguration;
			buildSettings = {
				ASSETCATALOG_COMPILER_APPICON_NAME = AppIcon;
				INFOPLIST_FILE = Presidents/Info.plist;
				LD_RUNPATH_SEARCH_PATHS = "$(inherited) @executable_path/Frameworks";
				PRODUCT_BUNDLE_IDENTIFIER = NPF.Presidents;
				PRODUCT_NAME = "$(TARGET_NAME)";
			};
			name = Release;
		};
		6DFA22481D9C9CCC00CDEBF4 /* Debug */ = {
			isa = XCBuildConfiguration;
			buildSettings = {
				BUNDLE_LOADER = "$(TEST_HOST)";
				INFOPLIST_FILE = PresidentsTests/Info.plist;
				LD_RUNPATH_SEARCH_PATHS = "$(inherited) @executable_path/Frameworks @loader_path/Frameworks";
				PRODUCT_BUNDLE_IDENTIFIER = NPF.PresidentsTests;
				PRODUCT_NAME = "$(TARGET_NAME)";
				TEST_HOST = "$(BUILT_PRODUCTS_DIR)/Presidents.app/Presidents";
			};
			name = Debug;
		};
		6DFA22491D9C9CCC00CDEBF4 /* Release */ = {
			isa = XCBuildConfiguration;
			buildSettings = {
				BUNDLE_LOADER = "$(TEST_HOST)";
				INFOPLIST_FILE = PresidentsTests/Info.plist;
				LD_RUNPATH_SEARCH_PATHS = "$(inherited) @executable_path/Frameworks @loader_path/Frameworks";
				PRODUCT_BUNDLE_IDENTIFIER = NPF.PresidentsTests;
				PRODUCT_NAME = "$(TARGET_NAME)";
				TEST_HOST = "$(BUILT_PRODUCTS_DIR)/Presidents.app/Presidents";
			};
			name = Release;
		};
		6DFA224B1D9C9CCC00CDEBF4 /* Debug */ = {
			isa = XCBuildConfiguration;
			buildSettings = {
				INFOPLIST_FILE = PresidentsUITests/Info.plist;
				LD_RUNPATH_SEARCH_PATHS = "$(inherited) @executable_path/Frameworks @loader_path/Frameworks";
				PRODUCT_BUNDLE_IDENTIFIER = NPF.PresidentsUITests;
				PRODUCT_NAME = "$(TARGET_NAME)";
				TEST_TARGET_NAME = Presidents;
				USES_XCTRUNNER = YES;
			};
			name = Debug;
		};
		6DFA224C1D9C9CCC00CDEBF4 /* Release */ = {
			isa = XCBuildConfiguration;
			buildSettings = {
				INFOPLIST_FILE = PresidentsUITests/Info.plist;
				LD_RUNPATH_SEARCH_PATHS = "$(inherited) @executable_path/Frameworks @loader_path/Frameworks";
				PRODUCT_BUNDLE_IDENTIFIER = NPF.PresidentsUITests;
				PRODUCT_NAME = "$(TARGET_NAME)";
				TEST_TARGET_NAME = Presidents;
				USES_XCTRUNNER = YES;
			};
			name = Release;
		};
/* End XCBuildConfiguration section */

/* Begin XCConfigurationList section */
		6DFA22151D9C9CCC00CDEBF4 /* Build configuration list for PBXProject "Presidents" */ = {
			isa = XCConfigurationList;
			buildConfigurations = (
				6DFA22421D9C9CCC00CDEBF4 /* Debug */,
				6DFA22431D9C9CCC00CDEBF4 /* Release */,
			);
			defaultConfigurationIsVisible = 0;
			defaultConfigurationName = Release;
		};
		6DFA22441D9C9CCC00CDEBF4 /* Build configuration list for PBXNativeTarget "Presidents" */ = {
			isa = XCConfigurationList;
			buildConfigurations = (
				6DFA22451D9C9CCC00CDEBF4 /* Debug */,
				6DFA22461D9C9CCC00CDEBF4 /* Release */,
			);
			defaultConfigurationIsVisible = 0;
			defaultConfigurationName = Release;
		};
		6DFA22471D9C9CCC00CDEBF4 /* Build configuration list for PBXNativeTarget "PresidentsTests" */ = {
			isa = XCConfigurationList;
			buildConfigurations = (
				6DFA22481D9C9CCC00CDEBF4 /* Debug */,
				6DFA22491D9C9CCC00CDEBF4 /* Release */,
			);
			defaultConfigurationIsVisible = 0;
			defaultConfigurationName = Release;
		};
		6DFA224A1D9C9CCC00CDEBF4 /* Build configuration list for PBXNativeTarget "PresidentsUITests" */ = {
			isa = XCConfigurationList;
			buildConfigurations = (
				6DFA224B1D9C9CCC00CDEBF4 /* Debug */,
				6DFA224C1D9C9CCC00CDEBF4 /* Release */,
			);
			defaultConfigurationIsVisible = 0;
			defaultConfigurationName = Release;
		};
/* End XCConfigurationList section */
	};
	rootObject = 6DFA22121D9C9CCC00CDEBF4 /* Project object */;
}
